// !$*UTF8*$!
{
	archiveVersion = 1;
	classes = {
	};
	objectVersion = 77;
	objects = {

/* Begin PBXBuildFile section */
		26EAE68A8AEF6711E909FBF8 /* TreeHostApp.swift in Sources */ = {isa = PBXBuildFile; fileRef = E88601611A041AD1AA457AC2 /* TreeHostApp.swift */; };
		86A27D15B777D3EFB8F5C73A /* TreeServer.swift in Sources */ = {isa = PBXBuildFile; fileRef = 6D3C253530C16617C1AEC98B /* TreeServer.swift */; };
		874197138AF312F10FE87D92 /* TreeServerTest.swift in Sources */ = {isa = PBXBuildFile; fileRef = 83974A83B526E4945DF35FAD /* TreeServerTest.swift */; };
/* End PBXBuildFile section */

/* Begin PBXContainerItemProxy section */
		2631044DFA3ECF19849A6BD3 /* PBXContainerItemProxy */ = {
			isa = PBXContainerItemProxy;
			containerPortal = E86248EBE591AA453974543F /* Project object */;
			proxyType = 1;
			remoteGlobalIDString = AB37E7C89C6AC8FE774DE79B;
			remoteInfo = TreeHost;
		};
/* End PBXContainerItemProxy section */

/* Begin PBXFileReference section */
		408EEDD6371DF9A7F37A7948 /* TreeHost.app */ = {isa = PBXFileReference; includeInIndex = 0; lastKnownFileType = wrapper.application; path = TreeHost.app; sourceTree = BUILT_PRODUCTS_DIR; };
		6D3C253530C16617C1AEC98B /* TreeServer.swift */ = {isa = PBXFileReference; lastKnownFileType = sourcecode.swift; path = TreeServer.swift; sourceTree = "<group>"; };
		83974A83B526E4945DF35FAD /* TreeServerTest.swift */ = {isa = PBXFileReference; lastKnownFileType = sourcecode.swift; path = TreeServerTest.swift; sourceTree = "<group>"; };
		A95BDC906708455856C9D8E4 /* TreeRunner.xctest */ = {isa = PBXFileReference; includeInIndex = 0; lastKnownFileType = wrapper.cfbundle; path = TreeRunner.xctest; sourceTree = BUILT_PRODUCTS_DIR; };
		E88601611A041AD1AA457AC2 /* TreeHostApp.swift */ = {isa = PBXFileReference; lastKnownFileType = sourcecode.swift; path = TreeHostApp.swift; sourceTree = "<group>"; };
/* End PBXFileReference section */

/* Begin PBXGroup section */
		0F650F3B42CC15EC2EF9AECD = {
			isa = PBXGroup;
			children = (
				C00C055751602D6FC0D7FD1E /* TreeHost */,
				C373148BBCFFDEF3DF602664 /* TreeRunner */,
				630548875BA0FE74BCFB2E15 /* Products */,
			);
			sourceTree = "<group>";
		};
		630548875BA0FE74BCFB2E15 /* Products */ = {
			isa = PBXGroup;
			children = (
				408EEDD6371DF9A7F37A7948 /* TreeHost.app */,
				A95BDC906708455856C9D8E4 /* TreeRunner.xctest */,
			);
			name = Products;
			sourceTree = "<group>";
		};
		C00C055751602D6FC0D7FD1E /* TreeHost */ = {
			isa = PBXGroup;
			children = (
				E88601611A041AD1AA457AC2 /* TreeHostApp.swift */,
			);
			path = TreeHost;
			sourceTree = "<group>";
		};
		C373148BBCFFDEF3DF602664 /* TreeRunner */ = {
			isa = PBXGroup;
			children = (
				6D3C253530C16617C1AEC98B /* TreeServer.swift */,
				83974A83B526E4945DF35FAD /* TreeServerTest.swift */,
			);
			path = TreeRunner;
			sourceTree = "<group>";
		};
/* End PBXGroup section */

/* Begin PBXNativeTarget section */
		AB37E7C89C6AC8FE774DE79B /* TreeHost */ = {
			isa = PBXNativeTarget;
			buildConfigurationList = 32CF64B25AC119299FC98D21 /* Build configuration list for PBXNativeTarget "TreeHost" */;
			buildPhases = (
				CE9026862C5143296E746C9F /* Sources */,
			);
			buildRules = (
			);
			dependencies = (
			);
			name = TreeHost;
			packageProductDependencies = (
			);
			productName = TreeHost;
			productReference = 408EEDD6371DF9A7F37A7948 /* TreeHost.app */;
			productType = "com.apple.product-type.application";
		};
		E94851893DB2D30285F8858D /* TreeRunner */ = {
			isa = PBXNativeTarget;
			buildConfigurationList = E0368676E0E41217C91B678B /* Build configuration list for PBXNativeTarget "TreeRunner" */;
			buildPhases = (
				768AC7F04FCA5A1BF7C7D0EC /* Sources */,
			);
			buildRules = (
			);
			dependencies = (
				A306F004A9003D98B87FDFED /* PBXTargetDependency */,
			);
			name = TreeRunner;
			packageProductDependencies = (
			);
			productName = TreeRunner;
			productReference = A95BDC906708455856C9D8E4 /* TreeRunner.xctest */;
			productType = "com.apple.product-type.bundle.ui-testing";
		};
/* End PBXNativeTarget section */

/* Begin PBXProject section */
		E86248EBE591AA453974543F /* Project object */ = {
			isa = PBXProject;
			attributes = {
				BuildIndependentTargetsInParallel = YES;
				LastUpgradeCheck = 1430;
				TargetAttributes = {
					E94851893DB2D30285F8858D = {
						TestTargetID = AB37E7C89C6AC8FE774DE79B;
					};
				};
			};
			buildConfigurationList = B268324BC08517F6C2141849 /* Build configuration list for PBXProject "TapflowTreeRunner" */;
			developmentRegion = en;
			hasScannedForEncodings = 0;
			knownRegions = (
				Base,
				en,
			);
			mainGroup = 0F650F3B42CC15EC2EF9AECD;
			minimizedProjectReferenceProxies = 1;
			preferredProjectObjectVersion = 77;
			productRefGroup = 630548875BA0FE74BCFB2E15 /* Products */;
			projectDirPath = "";
			projectRoot = "";
			targets = (
				AB37E7C89C6AC8FE774DE79B /* TreeHost */,
				E94851893DB2D30285F8858D /* TreeRunner */,
			);
		};
/* End PBXProject section */

/* Begin PBXSourcesBuildPhase section */
		768AC7F04FCA5A1BF7C7D0EC /* Sources */ = {
			isa = PBXSourcesBuildPhase;
			buildActionMask = 2147483647;
			files = (
				86A27D15B777D3EFB8F5C73A /* TreeServer.swift in Sources */,
				874197138AF312F10FE87D92 /* TreeServerTest.swift in Sources */,
			);
			runOnlyForDeploymentPostprocessing = 0;
		};
		CE9026862C5143296E746C9F /* Sources */ = {
			isa = PBXSourcesBuildPhase;
			buildActionMask = 2147483647;
			files = (
				26EAE68A8AEF6711E909FBF8 /* TreeHostApp.swift in Sources */,
			);
			runOnlyForDeploymentPostprocessing = 0;
		};
/* End PBXSourcesBuildPhase section */

/* Begin PBXTargetDependency section */
		A306F004A9003D98B87FDFED /* PBXTargetDependency */ = {
			isa = PBXTargetDependency;
			target = AB37E7C89C6AC8FE774DE79B /* TreeHost */;
			targetProxy = 2631044DFA3ECF19849A6BD3 /* PBXContainerItemProxy */;
		};
/* End PBXTargetDependency section */

/* Begin XCBuildConfiguration section */
		04475AB2325A10E71BB05CF7 /* Release */ = {
			isa = XCBuildConfiguration;
			buildSettings = {
				ASSETCATALOG_COMPILER_APPICON_NAME = AppIcon;
				CODE_SIGN_IDENTITY = "iPhone Developer";
				GENERATE_INFOPLIST_FILE = YES;
				LD_RUNPATH_SEARCH_PATHS = (
					"$(inherited)",
					"@executable_path/Frameworks",
				);
				PRODUCT_BUNDLE_IDENTIFIER = dev.tapflow.treerunner.host;
				SDKROOT = iphoneos;
				TARGETED_DEVICE_FAMILY = "1,2";
			};
			name = Release;
		};
		0F84FBE32B45B64354676D78 /* Release */ = {
			isa = XCBuildConfiguration;
			buildSettings = {
				BUNDLE_LOADER = "$(TEST_HOST)";
				GENERATE_INFOPLIST_FILE = YES;
				LD_RUNPATH_SEARCH_PATHS = (
					"$(inherited)",
					"@executable_path/Frameworks",
					"@loader_path/Frameworks",
				);
				PRODUCT_BUNDLE_IDENTIFIER = dev.tapflow.treerunner.uitests;
				SDKROOT = iphoneos;
				TARGETED_DEVICE_FAMILY = "1,2";
				TEST_TARGET_NAME = TreeHost;
			};
			name = Release;
		};
		17661D1CEC0BCB16F2CF8810 /* Release */ = {
			isa = XCBuildConfiguration;
			buildSettings = {
				ALWAYS_SEARCH_USER_PATHS = NO;
				CLANG_ANALYZER_NONNULL = YES;
				CLANG_ANALYZER_NUMBER_OBJECT_CONVERSION = YES_AGGRESSIVE;
				CLANG_CXX_LANGUAGE_STANDARD = "gnu++14";
				CLANG_CXX_LIBRARY = "libc++";
				CLANG_ENABLE_MODULES = YES;
				CLANG_ENABLE_OBJC_ARC = YES;
				CLANG_ENABLE_OBJC_WEAK = YES;
				CLANG_WARN_BLOCK_CAPTURE_AUTORELEASING = YES;
				CLANG_WARN_BOOL_CONVERSION = YES;
				CLANG_WARN_COMMA = YES;
				CLANG_WARN_CONSTANT_CONVERSION = YES;
				CLANG_WARN_DEPRECATED_OBJC_IMPLEMENTATIONS = YES;
				CLANG_WARN_DIRECT_OBJC_ISA_USAGE = YES_ERROR;
				CLANG_WARN_DOCUMENTATION_COMMENTS = YES;
				CLANG_WARN_EMPTY_BODY = YES;
				CLANG_WARN_ENUM_CONVERSION = YES;
				CLANG_WARN_INFINITE_RECURSION = YES;
				CLANG_WARN_INT_CONVERSION = YES;
				CLANG_WARN_NON_LITERAL_NULL_CONVERSION = YES;
				CLANG_WARN_OBJC_IMPLICIT_RETAIN_SELF = YES;
				CLANG_WARN_OBJC_LITERAL_CONVERSION = YES;
				CLANG_WARN_OBJC_ROOT_CLASS = YES_ERROR;
				CLANG_WARN_QUOTED_INCLUDE_IN_FRAMEWORK_HEADER = YES;
				CLANG_WARN_RANGE_LOOP_ANALYSIS = YES;
				CLANG_WARN_STRICT_PROTOTYPES = YES;
				CLANG_WARN_SUSPICIOUS_MOVE = YES;
				CLANG_WARN_UNGUARDED_AVAILABILITY = YES_AGGRESSIVE;
				CLANG_WARN_UNREACHABLE_CODE = YES;
				CLANG_WARN__DUPLICATE_METHOD_MATCH = YES;
				COPY_PHASE_STRIP = NO;
				DEBUG_INFORMATION_FORMAT = "dwarf-with-dsym";
				ENABLE_NS_ASSERTIONS = NO;
				ENABLE_STRICT_OBJC_MSGSEND = YES;
				GCC_C_LANGUAGE_STANDARD = gnu11;
				GCC_NO_COMMON_BLOCKS = YES;
				GCC_WARN_64_TO_32_BIT_CONVERSION = YES;
				GCC_WARN_ABOUT_RETURN_TYPE = YES_ERROR;
				GCC_WARN_UNDECLARED_SELECTOR = YES;
				GCC_WARN_UNINITIALIZED_AUTOS = YES_AGGRESSIVE;
				GCC_WARN_UNUSED_FUNCTION = YES;
				GCC_WARN_UNUSED_VARIABLE = YES;
				IPHONEOS_DEPLOYMENT_TARGET = 16.0;
				MTL_ENABLE_DEBUG_INFO = NO;
				MTL_FAST_MATH = YES;
				PRODUCT_NAME = "$(TARGET_NAME)";
				SDKROOT = iphoneos;
				SWIFT_COMPILATION_MODE = wholemodule;
				SWIFT_OPTIMIZATION_LEVEL = "-O";
				SWIFT_VERSION = 5.0;
			};
			name = Release;
		};
		665CEF305E01AD84204FE1AA /* Debug */ = {
			isa = XCBuildConfiguration;
			buildSettings = {
				BUNDLE_LOADER = "$(TEST_HOST)";
				GENERATE_INFOPLIST_FILE = YES;
				LD_RUNPATH_SEARCH_PATHS = (
					"$(inherited)",
					"@executable_path/Frameworks",
					"@loader_path/Frameworks",
				);
				PRODUCT_BUNDLE_IDENTIFIER = dev.tapflow.treerunner.uitests;
				SDKROOT = iphoneos;
				TARGETED_DEVICE_FAMILY = "1,2";
				TEST_TARGET_NAME = TreeHost;
			};
			name = Debug;
		};
		8D273ED725602839488F78BC /* Debug */ = {
			isa = XCBuildConfiguration;
			buildSettings = {
				ASSETCATALOG_COMPILER_APPICON_NAME = AppIcon;
				CODE_SIGN_IDENTITY = "iPhone Developer";
				GENERATE_INFOPLIST_FILE = YES;
				LD_RUNPATH_SEARCH_PATHS = (
					"$(inherited)",
					"@executable_path/Frameworks",
				);
				PRODUCT_BUNDLE_IDENTIFIER = dev.tapflow.treerunner.host;
				SDKROOT = iphoneos;
				TARGETED_DEVICE_FAMILY = "1,2";
			};
			name = Debug;
		};
		C6EA51ACA32945E2449085D0 /* Debug */ = {
			isa = XCBuildConfiguration;
			buildSettings = {
				ALWAYS_SEARCH_USER_PATHS = NO;
				CLANG_ANALYZER_NONNULL = YES;
				CLANG_ANALYZER_NUMBER_OBJECT_CONVERSION = YES_AGGRESSIVE;
				CLANG_CXX_LANGUAGE_STANDARD = "gnu++14";
				CLANG_CXX_LIBRARY = "libc++";
				CLANG_ENABLE_MODULES = YES;
				CLANG_ENABLE_OBJC_ARC = YES;
				CLANG_ENABLE_OBJC_WEAK = YES;
				CLANG_WARN_BLOCK_CAPTURE_AUTORELEASING = YES;
				CLANG_WARN_BOOL_CONVERSION = YES;
				CLANG_WARN_COMMA = YES;
				CLANG_WARN_CONSTANT_CONVERSION = YES;
				CLANG_WARN_DEPRECATED_OBJC_IMPLEMENTATIONS = YES;
				CLANG_WARN_DIRECT_OBJC_ISA_USAGE = YES_ERROR;
				CLANG_WARN_DOCUMENTATION_COMMENTS = YES;
				CLANG_WARN_EMPTY_BODY = YES;
				CLANG_WARN_ENUM_CONVERSION = YES;
				CLANG_WARN_INFINITE_RECURSION = YES;
				CLANG_WARN_INT_CONVERSION = YES;
				CLANG_WARN_NON_LITERAL_NULL_CONVERSION = YES;
				CLANG_WARN_OBJC_IMPLICIT_RETAIN_SELF = YES;
				CLANG_WARN_OBJC_LITERAL_CONVERSION = YES;
				CLANG_WARN_OBJC_ROOT_CLASS = YES_ERROR;
				CLANG_WARN_QUOTED_INCLUDE_IN_FRAMEWORK_HEADER = YES;
				CLANG_WARN_RANGE_LOOP_ANALYSIS = YES;
				CLANG_WARN_STRICT_PROTOTYPES = YES;
				CLANG_WARN_SUSPICIOUS_MOVE = YES;
				CLANG_WARN_UNGUARDED_AVAILABILITY = YES_AGGRESSIVE;
				CLANG_WARN_UNREACHABLE_CODE = YES;
				CLANG_WARN__DUPLICATE_METHOD_MATCH = YES;
				COPY_PHASE_STRIP = NO;
				DEBUG_INFORMATION_FORMAT = dwarf;
				ENABLE_STRICT_OBJC_MSGSEND = YES;
				ENABLE_TESTABILITY = YES;
				GCC_C_LANGUAGE_STANDARD = gnu11;
				GCC_DYNAMIC_NO_PIC = NO;
				GCC_NO_COMMON_BLOCKS = YES;
				GCC_OPTIMIZATION_LEVEL = 0;
				GCC_PREPROCESSOR_DEFINITIONS = (
					"$(inherited)",
					"DEBUG=1",
				);
				GCC_WARN_64_TO_32_BIT_CONVERSION = YES;
				GCC_WARN_ABOUT_RETURN_TYPE = YES_ERROR;
				GCC_WARN_UNDECLARED_SELECTOR = YES;
				GCC_WARN_UNINITIALIZED_AUTOS = YES_AGGRESSIVE;
				GCC_WARN_UNUSED_FUNCTION = YES;
				GCC_WARN_UNUSED_VARIABLE = YES;
				IPHONEOS_DEPLOYMENT_TARGET = 16.0;
				MTL_ENABLE_DEBUG_INFO = INCLUDE_SOURCE;
				MTL_FAST_MATH = YES;
				ONLY_ACTIVE_ARCH = YES;
				PRODUCT_NAME = "$(TARGET_NAME)";
				SDKROOT = iphoneos;
				SWIFT_ACTIVE_COMPILATION_CONDITIONS = DEBUG;
				SWIFT_OPTIMIZATION_LEVEL = "-Onone";
				SWIFT_VERSION = 5.0;
			};
			name = Debug;
		};
/* End XCBuildConfiguration section */

/* Begin XCConfigurationList section */
		32CF64B25AC119299FC98D21 /* Build configuration list for PBXNativeTarget "TreeHost" */ = {
			isa = XCConfigurationList;
			buildConfigurations = (
				8D273ED725602839488F78BC /* Debug */,
				04475AB2325A10E71BB05CF7 /* Release */,
			);
			defaultConfigurationIsVisible = 0;
			defaultConfigurationName = Debug;
		};
		B268324BC08517F6C2141849 /* Build configuration list for PBXProject "TapflowTreeRunner" */ = {
			isa = XCConfigurationList;
			buildConfigurations = (
				C6EA51ACA32945E2449085D0 /* Debug */,
				17661D1CEC0BCB16F2CF8810 /* Release */,
			);
			defaultConfigurationIsVisible = 0;
			defaultConfigurationName = Debug;
		};
		E0368676E0E41217C91B678B /* Build configuration list for PBXNativeTarget "TreeRunner" */ = {
			isa = XCConfigurationList;
			buildConfigurations = (
				665CEF305E01AD84204FE1AA /* Debug */,
				0F84FBE32B45B64354676D78 /* Release */,
			);
			defaultConfigurationIsVisible = 0;
			defaultConfigurationName = Debug;
		};
/* End XCConfigurationList section */
	};
	rootObject = E86248EBE591AA453974543F /* Project object */;
}
